
Microsoft Visual Studio Solution File, Format Version 12.00
# Visual Studio 15
VisualStudioVersion = 15.0.28010.2041
MinimumVisualStudioVersion = 10.0.40219.1
Project("{FAE04EC0-301F-11D3-BF4B-00C04F79EFBC}") = "MyApp", "MyApp\MyApp.csproj", "{CAB50BCC-8E5E-4612-A356-ECC03C6EF8ED}"
EndProject
Global
	GlobalSection(SolutionConfigurationPlatforms) = preSolution
		Debug|Any CPU = Debug|Any CPU
		Release|Any CPU = Release|Any CPU
	EndGlobalSection
	GlobalSection(ProjectConfigurationPlatforms) = postSolution
		{CAB50BCC-8E5E-4612-A356-ECC03C6EF8ED}.Debug|Any CPU.ActiveCfg = Debug|Any CPU
		{CAB50BCC-8E5E-4612-A356-ECC03C6EF8ED}.Debug|Any CPU.Build.0 = Debug|Any CPU
		{CAB50BCC-8E5E-4612-A356-ECC03C6EF8ED}.Release|Any CPU.ActiveCfg = Release|Any CPU
		{CAB50BCC-8E5E-4612-A356-ECC03C6EF8ED}.Release|Any CPU.Build.0 = Release|Any CPU
	EndGlobalSection
	GlobalSection(SolutionProperties) = preSolution
		HideSolutionNode = FALSE
	EndGlobalSection
	GlobalSection(ExtensibilityGlobals) = postSolution
		SolutionGuid = {76D7A6E9-F401-479A-ABB5-99A224F39588}
	EndGlobalSection
EndGlobal
