
Microsoft Visual Studio Solution File, Format Version 11.00
# Visual Studio 2010
Project("{FAE04EC0-301F-11D3-BF4B-00C04F79EFBC}") = "KVICWeb", "KVICWeb.csproj", "{2353C116-B815-4BA8-BB2E-140A14207836}"
EndProject
Project("{FAE04EC0-301F-11D3-BF4B-00C04F79EFBC}") = "KVICClassLIB", "..\KVICClassLIB\KVICClassLIB.csproj", "{EB761DAC-40E9-4C34-A913-AF453D1B8670}"
EndProject
Global
	GlobalSection(SolutionConfigurationPlatforms) = preSolution
		Debug|Any CPU = Debug|Any CPU
		Release|Any CPU = Release|Any CPU
	EndGlobalSection
	GlobalSection(ProjectConfigurationPlatforms) = postSolution
		{2353C116-B815-4BA8-BB2E-140A14207836}.Debug|Any CPU.ActiveCfg = Debug|Any CPU
		{2353C116-B815-4BA8-BB2E-140A14207836}.Debug|Any CPU.Build.0 = Debug|Any CPU
		{2353C116-B815-4BA8-BB2E-140A14207836}.Release|Any CPU.ActiveCfg = Release|Any CPU
		{2353C116-B815-4BA8-BB2E-140A14207836}.Release|Any CPU.Build.0 = Release|Any CPU
		{EB761DAC-40E9-4C34-A913-AF453D1B8670}.Debug|Any CPU.ActiveCfg = Debug|Any CPU
		{EB761DAC-40E9-4C34-A913-AF453D1B8670}.Debug|Any CPU.Build.0 = Debug|Any CPU
		{EB761DAC-40E9-4C34-A913-AF453D1B8670}.Release|Any CPU.ActiveCfg = Release|Any CPU
		{EB761DAC-40E9-4C34-A913-AF453D1B8670}.Release|Any CPU.Build.0 = Release|Any CPU
	EndGlobalSection
	GlobalSection(SolutionProperties) = preSolution
		HideSolutionNode = FALSE
	EndGlobalSection
EndGlobal
